
Microsoft Visual Studio Solution File, Format Version 12.00
# Visual Studio Version 17
VisualStudioVersion = 17.3.32922.545
MinimumVisualStudioVersion = 10.0.40219.1
Project("{FAE04EC0-301F-11D3-BF4B-00C04F79EFBC}") = "SimpleAds.web", "SimpleAds\SimpleAds.web.csproj", "{A9BEF597-77F1-4F8D-AC31-B7288CAE8054}"
EndProject
Project("{FAE04EC0-301F-11D3-BF4B-00C04F79EFBC}") = "SimpleAds.data", "SimpleAds.data\SimpleAds.data.csproj", "{B7640D2B-CBC7-4979-AEDE-295A3B8F21E9}"
EndProject
Global
	GlobalSection(SolutionConfigurationPlatforms) = preSolution
		Debug|Any CPU = Debug|Any CPU
		Release|Any CPU = Release|Any CPU
	EndGlobalSection
	GlobalSection(ProjectConfigurationPlatforms) = postSolution
		{A9BEF597-77F1-4F8D-AC31-B7288CAE8054}.Debug|Any CPU.ActiveCfg = Debug|Any CPU
		{A9BEF597-77F1-4F8D-AC31-B7288CAE8054}.Debug|Any CPU.Build.0 = Debug|Any CPU
		{A9BEF597-77F1-4F8D-AC31-B7288CAE8054}.Release|Any CPU.ActiveCfg = Release|Any CPU
		{A9BEF597-77F1-4F8D-AC31-B7288CAE8054}.Release|Any CPU.Build.0 = Release|Any CPU
		{B7640D2B-CBC7-4979-AEDE-295A3B8F21E9}.Debug|Any CPU.ActiveCfg = Debug|Any CPU
		{B7640D2B-CBC7-4979-AEDE-295A3B8F21E9}.Debug|Any CPU.Build.0 = Debug|Any CPU
		{B7640D2B-CBC7-4979-AEDE-295A3B8F21E9}.Release|Any CPU.ActiveCfg = Release|Any CPU
		{B7640D2B-CBC7-4979-AEDE-295A3B8F21E9}.Release|Any CPU.Build.0 = Release|Any CPU
	EndGlobalSection
	GlobalSection(SolutionProperties) = preSolution
		HideSolutionNode = FALSE
	EndGlobalSection
	GlobalSection(ExtensibilityGlobals) = postSolution
		SolutionGuid = {9CF6F382-F029-41EA-8DC5-BFFB283D153A}
	EndGlobalSection
EndGlobal
